
Microsoft Visual Studio Solution File, Format Version 12.00
# Visual Studio Version 17
VisualStudioVersion = 17.8.34330.188
MinimumVisualStudioVersion = 10.0.40219.1
Project("{FAE04EC0-301F-11D3-BF4B-00C04F79EFBC}") = "ASP.NET-CRUDMVC", "ASP.NET-CRUDMVC\ASP.NET-CRUDMVC.csproj", "{0AA4DFBB-26EB-41F1-933F-95BAD6360112}"
EndProject
Global
	GlobalSection(SolutionConfigurationPlatforms) = preSolution
		Debug|Any CPU = Debug|Any CPU
		Release|Any CPU = Release|Any CPU
	EndGlobalSection
	GlobalSection(ProjectConfigurationPlatforms) = postSolution
		{0AA4DFBB-26EB-41F1-933F-95BAD6360112}.Debug|Any CPU.ActiveCfg = Debug|Any CPU
		{0AA4DFBB-26EB-41F1-933F-95BAD6360112}.Debug|Any CPU.Build.0 = Debug|Any CPU
		{0AA4DFBB-26EB-41F1-933F-95BAD6360112}.Release|Any CPU.ActiveCfg = Release|Any CPU
		{0AA4DFBB-26EB-41F1-933F-95BAD6360112}.Release|Any CPU.Build.0 = Release|Any CPU
	EndGlobalSection
	GlobalSection(SolutionProperties) = preSolution
		HideSolutionNode = FALSE
	EndGlobalSection
	GlobalSection(ExtensibilityGlobals) = postSolution
		SolutionGuid = {E0B4C80A-7817-4AAC-865E-8118D00E3964}
	EndGlobalSection
EndGlobal
